dependencies:
- name: backend
  repository: file://./charts/backend
  version: 0.1.0
- name: frontend
  repository: file://./charts/frontend
  version: 0.1.0
- name: redis
  repository: file://charts/redis
  version: 0.1.0
digest: sha256:f7e13c71d16f7c96429df8591529ed63acfab06fb13c2ef93d6a30772c92aac8
generated: "2025-11-22T18:21:01.657969343+01:00"
